
Microsoft Visual Studio Solution File, Format Version 12.00
# Visual Studio 15
VisualStudioVersion = 15.0.26430.13
MinimumVisualStudioVersion = 10.0.40219.1
Project("{FAE04EC0-301F-11D3-BF4B-00C04F79EFBC}") = "KeyVaultTest1", "KeyVaultTest1\KeyVaultTest1.csproj", "{13CEFB7B-A94C-4074-86DB-EFD309221D37}"
EndProject
Project("{FAE04EC0-301F-11D3-BF4B-00C04F79EFBC}") = "KeyVaultUnitTest", "KeyVaultUnitTest\KeyVaultUnitTest.csproj", "{893A2972-9F19-4122-AB02-845BCCF30ADE}"
	ProjectSection(ProjectDependencies) = postProject
		{13CEFB7B-A94C-4074-86DB-EFD309221D37} = {13CEFB7B-A94C-4074-86DB-EFD309221D37}
	EndProjectSection
EndProject
Global
	GlobalSection(SolutionConfigurationPlatforms) = preSolution
		Debug|Any CPU = Debug|Any CPU
		Release|Any CPU = Release|Any CPU
	EndGlobalSection
	GlobalSection(ProjectConfigurationPlatforms) = postSolution
		{13CEFB7B-A94C-4074-86DB-EFD309221D37}.Debug|Any CPU.ActiveCfg = Debug|Any CPU
		{13CEFB7B-A94C-4074-86DB-EFD309221D37}.Debug|Any CPU.Build.0 = Debug|Any CPU
		{13CEFB7B-A94C-4074-86DB-EFD309221D37}.Release|Any CPU.ActiveCfg = Release|Any CPU
		{13CEFB7B-A94C-4074-86DB-EFD309221D37}.Release|Any CPU.Build.0 = Release|Any CPU
		{893A2972-9F19-4122-AB02-845BCCF30ADE}.Debug|Any CPU.ActiveCfg = Debug|Any CPU
		{893A2972-9F19-4122-AB02-845BCCF30ADE}.Debug|Any CPU.Build.0 = Debug|Any CPU
		{893A2972-9F19-4122-AB02-845BCCF30ADE}.Release|Any CPU.ActiveCfg = Release|Any CPU
		{893A2972-9F19-4122-AB02-845BCCF30ADE}.Release|Any CPU.Build.0 = Release|Any CPU
	EndGlobalSection
	GlobalSection(SolutionProperties) = preSolution
		HideSolutionNode = FALSE
	EndGlobalSection
EndGlobal
